
Microsoft Visual Studio Solution File, Format Version 12.00
# Visual Studio Version 16
VisualStudioVersion = 16.0.32510.428
MinimumVisualStudioVersion = 10.0.40219.1
Project("{8BC9CEB8-8B4A-11D0-8D11-00A0C91BC942}") = "DataBaseProject", "DataBaseProject\DataBaseProject.vcxproj", "{ED8C2D5E-F956-4A31-810A-06A3164A76B8}"
EndProject
Global
	GlobalSection(SolutionConfigurationPlatforms) = preSolution
		Debug|x64 = Debug|x64
		Debug|x86 = Debug|x86
		Release|x64 = Release|x64
		Release|x86 = Release|x86
	EndGlobalSection
	GlobalSection(ProjectConfigurationPlatforms) = postSolution
		{ED8C2D5E-F956-4A31-810A-06A3164A76B8}.Debug|x64.ActiveCfg = Debug|x64
		{ED8C2D5E-F956-4A31-810A-06A3164A76B8}.Debug|x64.Build.0 = Debug|x64
		{ED8C2D5E-F956-4A31-810A-06A3164A76B8}.Debug|x86.ActiveCfg = Debug|Win32
		{ED8C2D5E-F956-4A31-810A-06A3164A76B8}.Debug|x86.Build.0 = Debug|Win32
		{ED8C2D5E-F956-4A31-810A-06A3164A76B8}.Release|x64.ActiveCfg = Release|x64
		{ED8C2D5E-F956-4A31-810A-06A3164A76B8}.Release|x64.Build.0 = Release|x64
		{ED8C2D5E-F956-4A31-810A-06A3164A76B8}.Release|x86.ActiveCfg = Release|Win32
		{ED8C2D5E-F956-4A31-810A-06A3164A76B8}.Release|x86.Build.0 = Release|Win32
	EndGlobalSection
	GlobalSection(SolutionProperties) = preSolution
		HideSolutionNode = FALSE
	EndGlobalSection
	GlobalSection(ExtensibilityGlobals) = postSolution
		SolutionGuid = {92927F69-1A41-4A9D-9AE9-376775537C47}
	EndGlobalSection
EndGlobal
